// !$*UTF8*$!
{
	archiveVersion = 1;
	classes = {
	};
	objectVersion = 55;
	objects = {

/* Begin PBXBuildFile section */
		0A8D5AEA27509D29004C04BB /* AppDelegate.swift in Sources */ = {isa = PBXBuildFile; fileRef = 0A8D5AE927509D29004C04BB /* AppDelegate.swift */; };
		0A8D5AEC27509D29004C04BB /* SceneDelegate.swift in Sources */ = {isa = PBXBuildFile; fileRef = 0A8D5AEB27509D29004C04BB /* SceneDelegate.swift */; };
		0A8D5AF127509D29004C04BB /* Main.storyboard in Resources */ = {isa = PBXBuildFile; fileRef = 0A8D5AEF27509D29004C04BB /* Main.storyboard */; };
		0A8D5AF327509D2B004C04BB /* Assets.xcassets in Resources */ = {isa = PBXBuildFile; fileRef = 0A8D5AF227509D2B004C04BB /* Assets.xcassets */; };
		0A8D5AF627509D2B004C04BB /* LaunchScreen.storyboard in Resources */ = {isa = PBXBuildFile; fileRef = 0A8D5AF427509D2B004C04BB /* LaunchScreen.storyboard */; };
		0A8D5B0127509D2B004C04BB /* GBShopTests.swift in Sources */ = {isa = PBXBuildFile; fileRef = 0A8D5B0027509D2B004C04BB /* GBShopTests.swift */; };
		0A8D5B0B27509D2B004C04BB /* GBShopUITests.swift in Sources */ = {isa = PBXBuildFile; fileRef = 0A8D5B0A27509D2B004C04BB /* GBShopUITests.swift */; };
		0A8D5B0D27509D2B004C04BB /* GBShopUITestsLaunchTests.swift in Sources */ = {isa = PBXBuildFile; fileRef = 0A8D5B0C27509D2B004C04BB /* GBShopUITestsLaunchTests.swift */; };
/* End PBXBuildFile section */

/* Begin PBXContainerItemProxy section */
		0A8D5AFD27509D2B004C04BB /* PBXContainerItemProxy */ = {
			isa = PBXContainerItemProxy;
			containerPortal = 0A8D5ADE27509D29004C04BB /* Project object */;
			proxyType = 1;
			remoteGlobalIDString = 0A8D5AE527509D29004C04BB;
			remoteInfo = GBShop;
		};
		0A8D5B0727509D2B004C04BB /* PBXContainerItemProxy */ = {
			isa = PBXContainerItemProxy;
			containerPortal = 0A8D5ADE27509D29004C04BB /* Project object */;
			proxyType = 1;
			remoteGlobalIDString = 0A8D5AE527509D29004C04BB;
			remoteInfo = GBShop;
		};
/* End PBXContainerItemProxy section */

/* Begin PBXFileReference section */
		0A8D5AE627509D29004C04BB /* GBShop.app */ = {isa = PBXFileReference; explicitFileType = wrapper.application; includeInIndex = 0; path = GBShop.app; sourceTree = BUILT_PRODUCTS_DIR; };
		0A8D5AE927509D29004C04BB /* AppDelegate.swift */ = {isa = PBXFileReference; lastKnownFileType = sourcecode.swift; path = AppDelegate.swift; sourceTree = "<group>"; };
		0A8D5AEB27509D29004C04BB /* SceneDelegate.swift */ = {isa = PBXFileReference; lastKnownFileType = sourcecode.swift; path = SceneDelegate.swift; sourceTree = "<group>"; };
		0A8D5AF027509D29004C04BB /* Base */ = {isa = PBXFileReference; lastKnownFileType = file.storyboard; name = Base; path = Base.lproj/Main.storyboard; sourceTree = "<group>"; };
		0A8D5AF227509D2B004C04BB /* Assets.xcassets */ = {isa = PBXFileReference; lastKnownFileType = folder.assetcatalog; path = Assets.xcassets; sourceTree = "<group>"; };
		0A8D5AF527509D2B004C04BB /* Base */ = {isa = PBXFileReference; lastKnownFileType = file.storyboard; name = Base; path = Base.lproj/LaunchScreen.storyboard; sourceTree = "<group>"; };
		0A8D5AF727509D2B004C04BB /* Info.plist */ = {isa = PBXFileReference; lastKnownFileType = text.plist.xml; path = Info.plist; sourceTree = "<group>"; };
		0A8D5AFC27509D2B004C04BB /* GBShopTests.xctest */ = {isa = PBXFileReference; explicitFileType = wrapper.cfbundle; includeInIndex = 0; path = GBShopTests.xctest; sourceTree = BUILT_PRODUCTS_DIR; };
		0A8D5B0027509D2B004C04BB /* GBShopTests.swift */ = {isa = PBXFileReference; lastKnownFileType = sourcecode.swift; path = GBShopTests.swift; sourceTree = "<group>"; };
		0A8D5B0627509D2B004C04BB /* GBShopUITests.xctest */ = {isa = PBXFileReference; explicitFileType = wrapper.cfbundle; includeInIndex = 0; path = GBShopUITests.xctest; sourceTree = BUILT_PRODUCTS_DIR; };
		0A8D5B0A27509D2B004C04BB /* GBShopUITests.swift */ = {isa = PBXFileReference; lastKnownFileType = sourcecode.swift; path = GBShopUITests.swift; sourceTree = "<group>"; };
		0A8D5B0C27509D2B004C04BB /* GBShopUITestsLaunchTests.swift */ = {isa = PBXFileReference; lastKnownFileType = sourcecode.swift; path = GBShopUITestsLaunchTests.swift; sourceTree = "<group>"; };
/* End PBXFileReference section */

/* Begin PBXFrameworksBuildPhase section */
		0A8D5AE327509D29004C04BB /* Frameworks */ = {
			isa = PBXFrameworksBuildPhase;
			buildActionMask = 2147483647;
			files = (
			);
			runOnlyForDeploymentPostprocessing = 0;
		};
		0A8D5AF927509D2B004C04BB /* Frameworks */ = {
			isa = PBXFrameworksBuildPhase;
			buildActionMask = 2147483647;
			files = (
			);
			runOnlyForDeploymentPostprocessing = 0;
		};
		0A8D5B0327509D2B004C04BB /* Frameworks */ = {
			isa = PBXFrameworksBuildPhase;
			buildActionMask = 2147483647;
			files = (
			);
			runOnlyForDeploymentPostprocessing = 0;
		};
/* End PBXFrameworksBuildPhase section */

/* Begin PBXGroup section */
		0A8D5ADD27509D29004C04BB = {
			isa = PBXGroup;
			children = (
				0A8D5AE827509D29004C04BB /* GBShop */,
				0A8D5AFF27509D2B004C04BB /* GBShopTests */,
				0A8D5B0927509D2B004C04BB /* GBShopUITests */,
				0A8D5AE727509D29004C04BB /* Products */,
			);
			sourceTree = "<group>";
		};
		0A8D5AE727509D29004C04BB /* Products */ = {
			isa = PBXGroup;
			children = (
				0A8D5AE627509D29004C04BB /* GBShop.app */,
				0A8D5AFC27509D2B004C04BB /* GBShopTests.xctest */,
				0A8D5B0627509D2B004C04BB /* GBShopUITests.xctest */,
			);
			name = Products;
			sourceTree = "<group>";
		};
		0A8D5AE827509D29004C04BB /* GBShop */ = {
			isa = PBXGroup;
			children = (
				0A8D5B19275467AE004C04BB /* App */,
				0A8D5B1A2754695C004C04BB /* Core */,
				0A8D5B1B27546965004C04BB /* Resources */,
				0A8D5B1C2754697A004C04BB /* Environments */,
			);
			path = GBShop;
			sourceTree = "<group>";
		};
		0A8D5AFF27509D2B004C04BB /* GBShopTests */ = {
			isa = PBXGroup;
			children = (
				0A8D5B0027509D2B004C04BB /* GBShopTests.swift */,
			);
			path = GBShopTests;
			sourceTree = "<group>";
		};
		0A8D5B0927509D2B004C04BB /* GBShopUITests */ = {
			isa = PBXGroup;
			children = (
				0A8D5B0A27509D2B004C04BB /* GBShopUITests.swift */,
				0A8D5B0C27509D2B004C04BB /* GBShopUITestsLaunchTests.swift */,
			);
			path = GBShopUITests;
			sourceTree = "<group>";
		};
		0A8D5B19275467AE004C04BB /* App */ = {
			isa = PBXGroup;
			children = (
				0A8D5AE927509D29004C04BB /* AppDelegate.swift */,
				0A8D5AEB27509D29004C04BB /* SceneDelegate.swift */,
				0A8D5B1D27546997004C04BB /* Buisness logic */,
				0A8D5B1E275469E2004C04BB /* Entity */,
				0A8D5B1F275469EC004C04BB /* Assembly */,
				0A8D5B20275469F6004C04BB /* Flows */,
			);
			path = App;
			sourceTree = "<group>";
		};
		0A8D5B1A2754695C004C04BB /* Core */ = {
			isa = PBXGroup;
			children = (
			);
			path = Core;
			sourceTree = "<group>";
		};
		0A8D5B1B27546965004C04BB /* Resources */ = {
			isa = PBXGroup;
			children = (
				0A8D5AF227509D2B004C04BB /* Assets.xcassets */,
				0A8D5AF427509D2B004C04BB /* LaunchScreen.storyboard */,
			);
			path = Resources;
			sourceTree = "<group>";
		};
		0A8D5B1C2754697A004C04BB /* Environments */ = {
			isa = PBXGroup;
			children = (
				0A8D5AF727509D2B004C04BB /* Info.plist */,
			);
			name = Environments;
			sourceTree = "<group>";
		};
		0A8D5B1D27546997004C04BB /* Buisness logic */ = {
			isa = PBXGroup;
			children = (
			);
			path = "Buisness logic";
			sourceTree = "<group>";
		};
		0A8D5B1E275469E2004C04BB /* Entity */ = {
			isa = PBXGroup;
			children = (
			);
			path = Entity;
			sourceTree = "<group>";
		};
		0A8D5B1F275469EC004C04BB /* Assembly */ = {
			isa = PBXGroup;
			children = (
			);
			path = Assembly;
			sourceTree = "<group>";
		};
		0A8D5B20275469F6004C04BB /* Flows */ = {
			isa = PBXGroup;
			children = (
				0A8D5AEF27509D29004C04BB /* Main.storyboard */,
			);
			path = Flows;
			sourceTree = "<group>";
		};
/* End PBXGroup section */

/* Begin PBXNativeTarget section */
		0A8D5AE527509D29004C04BB /* GBShop */ = {
			isa = PBXNativeTarget;
			buildConfigurationList = 0A8D5B1027509D2B004C04BB /* Build configuration list for PBXNativeTarget "GBShop" */;
			buildPhases = (
				0A8D5AE227509D29004C04BB /* Sources */,
				0A8D5AE327509D29004C04BB /* Frameworks */,
				0A8D5AE427509D29004C04BB /* Resources */,
			);
			buildRules = (
			);
			dependencies = (
			);
			name = GBShop;
			productName = GBShop;
			productReference = 0A8D5AE627509D29004C04BB /* GBShop.app */;
			productType = "com.apple.product-type.application";
		};
		0A8D5AFB27509D2B004C04BB /* GBShopTests */ = {
			isa = PBXNativeTarget;
			buildConfigurationList = 0A8D5B1327509D2B004C04BB /* Build configuration list for PBXNativeTarget "GBShopTests" */;
			buildPhases = (
				0A8D5AF827509D2B004C04BB /* Sources */,
				0A8D5AF927509D2B004C04BB /* Frameworks */,
				0A8D5AFA27509D2B004C04BB /* Resources */,
			);
			buildRules = (
			);
			dependencies = (
				0A8D5AFE27509D2B004C04BB /* PBXTargetDependency */,
			);
			name = GBShopTests;
			productName = GBShopTests;
			productReference = 0A8D5AFC27509D2B004C04BB /* GBShopTests.xctest */;
			productType = "com.apple.product-type.bundle.unit-test";
		};
		0A8D5B0527509D2B004C04BB /* GBShopUITests */ = {
			isa = PBXNativeTarget;
			buildConfigurationList = 0A8D5B1627509D2B004C04BB /* Build configuration list for PBXNativeTarget "GBShopUITests" */;
			buildPhases = (
				0A8D5B0227509D2B004C04BB /* Sources */,
				0A8D5B0327509D2B004C04BB /* Frameworks */,
				0A8D5B0427509D2B004C04BB /* Resources */,
			);
			buildRules = (
			);
			dependencies = (
				0A8D5B0827509D2B004C04BB /* PBXTargetDependency */,
			);
			name = GBShopUITests;
			productName = GBShopUITests;
			productReference = 0A8D5B0627509D2B004C04BB /* GBShopUITests.xctest */;
			productType = "com.apple.product-type.bundle.ui-testing";
		};
/* End PBXNativeTarget section */

/* Begin PBXProject section */
		0A8D5ADE27509D29004C04BB /* Project object */ = {
			isa = PBXProject;
			attributes = {
				BuildIndependentTargetsInParallel = 1;
				LastSwiftUpdateCheck = 1310;
				LastUpgradeCheck = 1310;
				TargetAttributes = {
					0A8D5AE527509D29004C04BB = {
						CreatedOnToolsVersion = 13.1;
					};
					0A8D5AFB27509D2B004C04BB = {
						CreatedOnToolsVersion = 13.1;
						TestTargetID = 0A8D5AE527509D29004C04BB;
					};
					0A8D5B0527509D2B004C04BB = {
						CreatedOnToolsVersion = 13.1;
						TestTargetID = 0A8D5AE527509D29004C04BB;
					};
				};
			};
			buildConfigurationList = 0A8D5AE127509D29004C04BB /* Build configuration list for PBXProject "GBShop" */;
			compatibilityVersion = "Xcode 13.0";
			developmentRegion = en;
			hasScannedForEncodings = 0;
			knownRegions = (
				en,
				Base,
			);
			mainGroup = 0A8D5ADD27509D29004C04BB;
			productRefGroup = 0A8D5AE727509D29004C04BB /* Products */;
			projectDirPath = "";
			projectRoot = "";
			targets = (
				0A8D5AE527509D29004C04BB /* GBShop */,
				0A8D5AFB27509D2B004C04BB /* GBShopTests */,
				0A8D5B0527509D2B004C04BB /* GBShopUITests */,
			);
		};
/* End PBXProject section */

/* Begin PBXResourcesBuildPhase section */
		0A8D5AE427509D29004C04BB /* Resources */ = {
			isa = PBXResourcesBuildPhase;
			buildActionMask = 2147483647;
			files = (
				0A8D5AF627509D2B004C04BB /* LaunchScreen.storyboard in Resources */,
				0A8D5AF327509D2B004C04BB /* Assets.xcassets in Resources */,
				0A8D5AF127509D29004C04BB /* Main.storyboard in Resources */,
			);
			runOnlyForDeploymentPostprocessing = 0;
		};
		0A8D5AFA27509D2B004C04BB /* Resources */ = {
			isa = PBXResourcesBuildPhase;
			buildActionMask = 2147483647;
			files = (
			);
			runOnlyForDeploymentPostprocessing = 0;
		};
		0A8D5B0427509D2B004C04BB /* Resources */ = {
			isa = PBXResourcesBuildPhase;
			buildActionMask = 2147483647;
			files = (
			);
			runOnlyForDeploymentPostprocessing = 0;
		};
/* End PBXResourcesBuildPhase section */

/* Begin PBXSourcesBuildPhase section */
		0A8D5AE227509D29004C04BB /* Sources */ = {
			isa = PBXSourcesBuildPhase;
			buildActionMask = 2147483647;
			files = (
				0A8D5AEA27509D29004C04BB /* AppDelegate.swift in Sources */,
				0A8D5AEC27509D29004C04BB /* SceneDelegate.swift in Sources */,
			);
			runOnlyForDeploymentPostprocessing = 0;
		};
		0A8D5AF827509D2B004C04BB /* Sources */ = {
			isa = PBXSourcesBuildPhase;
			buildActionMask = 2147483647;
			files = (
				0A8D5B0127509D2B004C04BB /* GBShopTests.swift in Sources */,
			);
			runOnlyForDeploymentPostprocessing = 0;
		};
		0A8D5B0227509D2B004C04BB /* Sources */ = {
			isa = PBXSourcesBuildPhase;
			buildActionMask = 2147483647;
			files = (
				0A8D5B0B27509D2B004C04BB /* GBShopUITests.swift in Sources */,
				0A8D5B0D27509D2B004C04BB /* GBShopUITestsLaunchTests.swift in Sources */,
			);
			runOnlyForDeploymentPostprocessing = 0;
		};
/* End PBXSourcesBuildPhase section */

/* Begin PBXTargetDependency section */
		0A8D5AFE27509D2B004C04BB /* PBXTargetDependency */ = {
			isa = PBXTargetDependency;
			target = 0A8D5AE527509D29004C04BB /* GBShop */;
			targetProxy = 0A8D5AFD27509D2B004C04BB /* PBXContainerItemProxy */;
		};
		0A8D5B0827509D2B004C04BB /* PBXTargetDependency */ = {
			isa = PBXTargetDependency;
			target = 0A8D5AE527509D29004C04BB /* GBShop */;
			targetProxy = 0A8D5B0727509D2B004C04BB /* PBXContainerItemProxy */;
		};
/* End PBXTargetDependency section */

/* Begin PBXVariantGroup section */
		0A8D5AEF27509D29004C04BB /* Main.storyboard */ = {
			isa = PBXVariantGroup;
			children = (
				0A8D5AF027509D29004C04BB /* Base */,
			);
			name = Main.storyboard;
			sourceTree = "<group>";
		};
		0A8D5AF427509D2B004C04BB /* LaunchScreen.storyboard */ = {
			isa = PBXVariantGroup;
			children = (
				0A8D5AF527509D2B004C04BB /* Base */,
			);
			name = LaunchScreen.storyboard;
			sourceTree = "<group>";
		};
/* End PBXVariantGroup section */

/* Begin XCBuildConfiguration section */
		0A8D5B0E27509D2B004C04BB /* Debug */ = {
			isa = XCBuildConfiguration;
			buildSettings = {
				ALWAYS_SEARCH_USER_PATHS = NO;
				CLANG_ANALYZER_NONNULL = YES;
				CLANG_ANALYZER_NUMBER_OBJECT_CONVERSION = YES_AGGRESSIVE;
				CLANG_CXX_LANGUAGE_STANDARD = "gnu++17";
				CLANG_CXX_LIBRARY = "libc++";
				CLANG_ENABLE_MODULES = YES;
				CLANG_ENABLE_OBJC_ARC = YES;
				CLANG_ENABLE_OBJC_WEAK = YES;
				CLANG_WARN_BLOCK_CAPTURE_AUTORELEASING = YES;
				CLANG_WARN_BOOL_CONVERSION = YES;
				CLANG_WARN_COMMA = YES;
				CLANG_WARN_CONSTANT_CONVERSION = YES;
				CLANG_WARN_DEPRECATED_OBJC_IMPLEMENTATIONS = YES;
				CLANG_WARN_DIRECT_OBJC_ISA_USAGE = YES_ERROR;
				CLANG_WARN_DOCUMENTATION_COMMENTS = YES;
				CLANG_WARN_EMPTY_BODY = YES;
				CLANG_WARN_ENUM_CONVERSION = YES;
				CLANG_WARN_INFINITE_RECURSION = YES;
				CLANG_WARN_INT_CONVERSION = YES;
				CLANG_WARN_NON_LITERAL_NULL_CONVERSION = YES;
				CLANG_WARN_OBJC_IMPLICIT_RETAIN_SELF = YES;
				CLANG_WARN_OBJC_LITERAL_CONVERSION = YES;
				CLANG_WARN_OBJC_ROOT_CLASS = YES_ERROR;
				CLANG_WARN_QUOTED_INCLUDE_IN_FRAMEWORK_HEADER = YES;
				CLANG_WARN_RANGE_LOOP_ANALYSIS = YES;
				CLANG_WARN_STRICT_PROTOTYPES = YES;
				CLANG_WARN_SUSPICIOUS_MOVE = YES;
				CLANG_WARN_UNGUARDED_AVAILABILITY = YES_AGGRESSIVE;
				CLANG_WARN_UNREACHABLE_CODE = YES;
				CLANG_WARN__DUPLICATE_METHOD_MATCH = YES;
				COPY_PHASE_STRIP = NO;
				DEBUG_INFORMATION_FORMAT = dwarf;
				ENABLE_STRICT_OBJC_MSGSEND = YES;
				ENABLE_TESTABILITY = YES;
				GCC_C_LANGUAGE_STANDARD = gnu11;
				GCC_DYNAMIC_NO_PIC = NO;
				GCC_NO_COMMON_BLOCKS = YES;
				GCC_OPTIMIZATION_LEVEL = 0;
				GCC_PREPROCESSOR_DEFINITIONS = (
					"DEBUG=1",
					"$(inherited)",
				);
				GCC_WARN_64_TO_32_BIT_CONVERSION = YES;
				GCC_WARN_ABOUT_RETURN_TYPE = YES_ERROR;
				GCC_WARN_UNDECLARED_SELECTOR = YES;
				GCC_WARN_UNINITIALIZED_AUTOS = YES_AGGRESSIVE;
				GCC_WARN_UNUSED_FUNCTION = YES;
				GCC_WARN_UNUSED_VARIABLE = YES;
				IPHONEOS_DEPLOYMENT_TARGET = 15.0;
				MTL_ENABLE_DEBUG_INFO = INCLUDE_SOURCE;
				MTL_FAST_MATH = YES;
				ONLY_ACTIVE_ARCH = YES;
				SDKROOT = iphoneos;
				SWIFT_ACTIVE_COMPILATION_CONDITIONS = DEBUG;
				SWIFT_OPTIMIZATION_LEVEL = "-Onone";
			};
			name = Debug;
		};
		0A8D5B0F27509D2B004C04BB /* Release */ = {
			isa = XCBuildConfiguration;
			buildSettings = {
				ALWAYS_SEARCH_USER_PATHS = NO;
				CLANG_ANALYZER_NONNULL = YES;
				CLANG_ANALYZER_NUMBER_OBJECT_CONVERSION = YES_AGGRESSIVE;
				CLANG_CXX_LANGUAGE_STANDARD = "gnu++17";
				CLANG_CXX_LIBRARY = "libc++";
				CLANG_ENABLE_MODULES = YES;
				CLANG_ENABLE_OBJC_ARC = YES;
				CLANG_ENABLE_OBJC_WEAK = YES;
				CLANG_WARN_BLOCK_CAPTURE_AUTORELEASING = YES;
				CLANG_WARN_BOOL_CONVERSION = YES;
				CLANG_WARN_COMMA = YES;
				CLANG_WARN_CONSTANT_CONVERSION = YES;
				CLANG_WARN_DEPRECATED_OBJC_IMPLEMENTATIONS = YES;
				CLANG_WARN_DIRECT_OBJC_ISA_USAGE = YES_ERROR;
				CLANG_WARN_DOCUMENTATION_COMMENTS = YES;
				CLANG_WARN_EMPTY_BODY = YES;
				CLANG_WARN_ENUM_CONVERSION = YES;
				CLANG_WARN_INFINITE_RECURSION = YES;
				CLANG_WARN_INT_CONVERSION = YES;
				CLANG_WARN_NON_LITERAL_NULL_CONVERSION = YES;
				CLANG_WARN_OBJC_IMPLICIT_RETAIN_SELF = YES;
				CLANG_WARN_OBJC_LITERAL_CONVERSION = YES;
				CLANG_WARN_OBJC_ROOT_CLASS = YES_ERROR;
				CLANG_WARN_QUOTED_INCLUDE_IN_FRAMEWORK_HEADER = YES;
				CLANG_WARN_RANGE_LOOP_ANALYSIS = YES;
				CLANG_WARN_STRICT_PROTOTYPES = YES;
				CLANG_WARN_SUSPICIOUS_MOVE = YES;
				CLANG_WARN_UNGUARDED_AVAILABILITY = YES_AGGRESSIVE;
				CLANG_WARN_UNREACHABLE_CODE = YES;
				CLANG_WARN__DUPLICATE_METHOD_MATCH = YES;
				COPY_PHASE_STRIP = NO;
				DEBUG_INFORMATION_FORMAT = "dwarf-with-dsym";
				ENABLE_NS_ASSERTIONS = NO;
				ENABLE_STRICT_OBJC_MSGSEND = YES;
				GCC_C_LANGUAGE_STANDARD = gnu11;
				GCC_NO_COMMON_BLOCKS = YES;
				GCC_WARN_64_TO_32_BIT_CONVERSION = YES;
				GCC_WARN_ABOUT_RETURN_TYPE = YES_ERROR;
				GCC_WARN_UNDECLARED_SELECTOR = YES;
				GCC_WARN_UNINITIALIZED_AUTOS = YES_AGGRESSIVE;
				GCC_WARN_UNUSED_FUNCTION = YES;
				GCC_WARN_UNUSED_VARIABLE = YES;
				IPHONEOS_DEPLOYMENT_TARGET = 15.0;
				MTL_ENABLE_DEBUG_INFO = NO;
				MTL_FAST_MATH = YES;
				SDKROOT = iphoneos;
				SWIFT_COMPILATION_MODE = wholemodule;
				SWIFT_OPTIMIZATION_LEVEL = "-O";
				VALIDATE_PRODUCT = YES;
			};
			name = Release;
		};
		0A8D5B1127509D2B004C04BB /* Debug */ = {
			isa = XCBuildConfiguration;
			buildSettings = {
				ASSETCATALOG_COMPILER_APPICON_NAME = AppIcon;
				ASSETCATALOG_COMPILER_GLOBAL_ACCENT_COLOR_NAME = AccentColor;
				CODE_SIGN_STYLE = Automatic;
				CURRENT_PROJECT_VERSION = 1;
				DEVELOPMENT_TEAM = ZHUTRQ83V7;
				GENERATE_INFOPLIST_FILE = YES;
				INFOPLIST_FILE = GBShop/Info.plist;
				INFOPLIST_KEY_UIApplicationSupportsIndirectInputEvents = YES;
				INFOPLIST_KEY_UILaunchStoryboardName = LaunchScreen;
				INFOPLIST_KEY_UIMainStoryboardFile = Main;
				INFOPLIST_KEY_UISupportedInterfaceOrientations_iPad = "UIInterfaceOrientationPortrait UIInterfaceOrientationPortraitUpsideDown UIInterfaceOrientationLandscapeLeft UIInterfaceOrientationLandscapeRight";
				INFOPLIST_KEY_UISupportedInterfaceOrientations_iPhone = "UIInterfaceOrientationPortrait UIInterfaceOrientationLandscapeLeft UIInterfaceOrientationLandscapeRight";
				LD_RUNPATH_SEARCH_PATHS = (
					"$(inherited)",
					"@executable_path/Frameworks",
				);
				MARKETING_VERSION = 1.0;
				PRODUCT_BUNDLE_IDENTIFIER = com.kgbCat.GBShop;
				PRODUCT_NAME = "$(TARGET_NAME)";
				SWIFT_EMIT_LOC_STRINGS = YES;
				SWIFT_VERSION = 5.0;
				TARGETED_DEVICE_FAMILY = "1,2";
			};
			name = Debug;
		};
		0A8D5B1227509D2B004C04BB /* Release */ = {
			isa = XCBuildConfiguration;
			buildSettings = {
				ASSETCATALOG_COMPILER_APPICON_NAME = AppIcon;
				ASSETCATALOG_COMPILER_GLOBAL_ACCENT_COLOR_NAME = AccentColor;
				CODE_SIGN_STYLE = Automatic;
				CURRENT_PROJECT_VERSION = 1;
				DEVELOPMENT_TEAM = ZHUTRQ83V7;
				GENERATE_INFOPLIST_FILE = YES;
				INFOPLIST_FILE = GBShop/Info.plist;
				INFOPLIST_KEY_UIApplicationSupportsIndirectInputEvents = YES;
				INFOPLIST_KEY_UILaunchStoryboardName = LaunchScreen;
				INFOPLIST_KEY_UIMainStoryboardFile = Main;
				INFOPLIST_KEY_UISupportedInterfaceOrientations_iPad = "UIInterfaceOrientationPortrait UIInterfaceOrientationPortraitUpsideDown UIInterfaceOrientationLandscapeLeft UIInterfaceOrientationLandscapeRight";
				INFOPLIST_KEY_UISupportedInterfaceOrientations_iPhone = "UIInterfaceOrientationPortrait UIInterfaceOrientationLandscapeLeft UIInterfaceOrientationLandscapeRight";
				LD_RUNPATH_SEARCH_PATHS = (
					"$(inherited)",
					"@executable_path/Frameworks",
				);
				MARKETING_VERSION = 1.0;
				PRODUCT_BUNDLE_IDENTIFIER = com.kgbCat.GBShop;
				PRODUCT_NAME = "$(TARGET_NAME)";
				SWIFT_EMIT_LOC_STRINGS = YES;
				SWIFT_VERSION = 5.0;
				TARGETED_DEVICE_FAMILY = "1,2";
			};
			name = Release;
		};
		0A8D5B1427509D2B004C04BB /* Debug */ = {
			isa = XCBuildConfiguration;
			buildSettings = {
				ALWAYS_EMBED_SWIFT_STANDARD_LIBRARIES = YES;
				BUNDLE_LOADER = "$(TEST_HOST)";
				CODE_SIGN_STYLE = Automatic;
				CURRENT_PROJECT_VERSION = 1;
				DEVELOPMENT_TEAM = ZHUTRQ83V7;
				GENERATE_INFOPLIST_FILE = YES;
				IPHONEOS_DEPLOYMENT_TARGET = 15.0;
				LD_RUNPATH_SEARCH_PATHS = (
					"$(inherited)",
					"@executable_path/Frameworks",
					"@loader_path/Frameworks",
				);
				MARKETING_VERSION = 1.0;
				PRODUCT_BUNDLE_IDENTIFIER = com.kgbCat.GBShopTests;
				PRODUCT_NAME = "$(TARGET_NAME)";
				SWIFT_EMIT_LOC_STRINGS = NO;
				SWIFT_VERSION = 5.0;
				TARGETED_DEVICE_FAMILY = "1,2";
				TEST_HOST = "$(BUILT_PRODUCTS_DIR)/GBShop.app/GBShop";
			};
			name = Debug;
		};
		0A8D5B1527509D2B004C04BB /* Release */ = {
			isa = XCBuildConfiguration;
			buildSettings = {
				ALWAYS_EMBED_SWIFT_STANDARD_LIBRARIES = YES;
				BUNDLE_LOADER = "$(TEST_HOST)";
				CODE_SIGN_STYLE = Automatic;
				CURRENT_PROJECT_VERSION = 1;
				DEVELOPMENT_TEAM = ZHUTRQ83V7;
				GENERATE_INFOPLIST_FILE = YES;
				IPHONEOS_DEPLOYMENT_TARGET = 15.0;
				LD_RUNPATH_SEARCH_PATHS = (
					"$(inherited)",
					"@executable_path/Frameworks",
					"@loader_path/Frameworks",
				);
				MARKETING_VERSION = 1.0;
				PRODUCT_BUNDLE_IDENTIFIER = com.kgbCat.GBShopTests;
				PRODUCT_NAME = "$(TARGET_NAME)";
				SWIFT_EMIT_LOC_STRINGS = NO;
				SWIFT_VERSION = 5.0;
				TARGETED_DEVICE_FAMILY = "1,2";
				TEST_HOST = "$(BUILT_PRODUCTS_DIR)/GBShop.app/GBShop";
			};
			name = Release;
		};
		0A8D5B1727509D2B004C04BB /* Debug */ = {
			isa = XCBuildConfiguration;
			buildSettings = {
				ALWAYS_EMBED_SWIFT_STANDARD_LIBRARIES = YES;
				CODE_SIGN_STYLE = Automatic;
				CURRENT_PROJECT_VERSION = 1;
				DEVELOPMENT_TEAM = ZHUTRQ83V7;
				GENERATE_INFOPLIST_FILE = YES;
				LD_RUNPATH_SEARCH_PATHS = (
					"$(inherited)",
					"@executable_path/Frameworks",
					"@loader_path/Frameworks",
				);
				MARKETING_VERSION = 1.0;
				PRODUCT_BUNDLE_IDENTIFIER = com.kgbCat.GBShopUITests;
				PRODUCT_NAME = "$(TARGET_NAME)";
				SWIFT_EMIT_LOC_STRINGS = NO;
				SWIFT_VERSION = 5.0;
				TARGETED_DEVICE_FAMILY = "1,2";
				TEST_TARGET_NAME = GBShop;
			};
			name = Debug;
		};
		0A8D5B1827509D2B004C04BB /* Release */ = {
			isa = XCBuildConfiguration;
			buildSettings = {
				ALWAYS_EMBED_SWIFT_STANDARD_LIBRARIES = YES;
				CODE_SIGN_STYLE = Automatic;
				CURRENT_PROJECT_VERSION = 1;
				DEVELOPMENT_TEAM = ZHUTRQ83V7;
				GENERATE_INFOPLIST_FILE = YES;
				LD_RUNPATH_SEARCH_PATHS = (
					"$(inherited)",
					"@executable_path/Frameworks",
					"@loader_path/Frameworks",
				);
				MARKETING_VERSION = 1.0;
				PRODUCT_BUNDLE_IDENTIFIER = com.kgbCat.GBShopUITests;
				PRODUCT_NAME = "$(TARGET_NAME)";
				SWIFT_EMIT_LOC_STRINGS = NO;
				SWIFT_VERSION = 5.0;
				TARGETED_DEVICE_FAMILY = "1,2";
				TEST_TARGET_NAME = GBShop;
			};
			name = Release;
		};
/* End XCBuildConfiguration section */

/* Begin XCConfigurationList section */
		0A8D5AE127509D29004C04BB /* Build configuration list for PBXProject "GBShop" */ = {
			isa = XCConfigurationList;
			buildConfigurations = (
				0A8D5B0E27509D2B004C04BB /* Debug */,
				0A8D5B0F27509D2B004C04BB /* Release */,
			);
			defaultConfigurationIsVisible = 0;
			defaultConfigurationName = Release;
		};
		0A8D5B1027509D2B004C04BB /* Build configuration list for PBXNativeTarget "GBShop" */ = {
			isa = XCConfigurationList;
			buildConfigurations = (
				0A8D5B1127509D2B004C04BB /* Debug */,
				0A8D5B1227509D2B004C04BB /* Release */,
			);
			defaultConfigurationIsVisible = 0;
			defaultConfigurationName = Release;
		};
		0A8D5B1327509D2B004C04BB /* Build configuration list for PBXNativeTarget "GBShopTests" */ = {
			isa = XCConfigurationList;
			buildConfigurations = (
				0A8D5B1427509D2B004C04BB /* Debug */,
				0A8D5B1527509D2B004C04BB /* Release */,
			);
			defaultConfigurationIsVisible = 0;
			defaultConfigurationName = Release;
		};
		0A8D5B1627509D2B004C04BB /* Build configuration list for PBXNativeTarget "GBShopUITests" */ = {
			isa = XCConfigurationList;
			buildConfigurations = (
				0A8D5B1727509D2B004C04BB /* Debug */,
				0A8D5B1827509D2B004C04BB /* Release */,
			);
			defaultConfigurationIsVisible = 0;
			defaultConfigurationName = Release;
		};
/* End XCConfigurationList section */
	};
	rootObject = 0A8D5ADE27509D29004C04BB /* Project object */;
}
